{
  "name": "again-from-begin",
  "version": "1.0.0",
  "lockfileVersion": 1,
  "requires": true,
  "dependencies": {
    "magic-square-generator": {
      "version": "1.0.1",
      "resolved": "https://registry.npmjs.org/magic-square-generator/-/magic-square-generator-1.0.1.tgz",
      "integrity": "sha512-KkjkIb2T2bnrwWaVQZHuKDERSw2yR0cfLagu6LgyGsqcpZKwr/FPAN7/yc/3NfglgABTriVx7181t5YERYk+xQ=="
    }
  }
}
